// !$*UTF8*$!
{
	archiveVersion = 1;
	classes = {
	};
	objectVersion = 46;
	objects = {

/* Begin PBXBuildFile section */
		0B76746A1F797EEC2B82BD9F /* libPods-LVC_demo.a in Frameworks */ = {isa = PBXBuildFile; fileRef = 2874A9BD105BCACB187C6E1E /* libPods-LVC_demo.a */; };
		B71FC50C1B06A28C005B1460 /* LicenseViewController.m in Sources */ = {isa = PBXBuildFile; fileRef = B71FC5091B06A28C005B1460 /* LicenseViewController.m */; };
		B71FC50D1B06A28C005B1460 /* UIViewController+UIViewController_ShowLicense.m in Sources */ = {isa = PBXBuildFile; fileRef = B71FC50B1B06A28C005B1460 /* UIViewController+UIViewController_ShowLicense.m */; };
		B72ED8291B065F38008A4D3B /* main.m in Sources */ = {isa = PBXBuildFile; fileRef = B72ED8281B065F38008A4D3B /* main.m */; };
		B72ED82C1B065F38008A4D3B /* AppDelegate.m in Sources */ = {isa = PBXBuildFile; fileRef = B72ED82B1B065F38008A4D3B /* AppDelegate.m */; };
		B72ED82F1B065F38008A4D3B /* ViewController.m in Sources */ = {isa = PBXBuildFile; fileRef = B72ED82E1B065F38008A4D3B /* ViewController.m */; };
		B72ED8341B065F38008A4D3B /* Images.xcassets in Resources */ = {isa = PBXBuildFile; fileRef = B72ED8331B065F38008A4D3B /* Images.xcassets */; };
		B72ED8431B065F38008A4D3B /* LVC_demoTests.m in Sources */ = {isa = PBXBuildFile; fileRef = B72ED8421B065F38008A4D3B /* LVC_demoTests.m */; };
		B72ED8501B067464008A4D3B /* Localizable.strings in Resources */ = {isa = PBXBuildFile; fileRef = B72ED84F1B067464008A4D3B /* Localizable.strings */; };
		B73B918B1B069827005017BD /* license.md in Sources */ = {isa = PBXBuildFile; fileRef = B73B918A1B069827005017BD /* license.md */; };
		B73B918C1B06985F005017BD /* license.md in Resources */ = {isa = PBXBuildFile; fileRef = B73B918A1B069827005017BD /* license.md */; };
/* End PBXBuildFile section */

/* Begin PBXContainerItemProxy section */
		B72ED83D1B065F38008A4D3B /* PBXContainerItemProxy */ = {
			isa = PBXContainerItemProxy;
			containerPortal = B72ED81B1B065F38008A4D3B /* Project object */;
			proxyType = 1;
			remoteGlobalIDString = B72ED8221B065F38008A4D3B;
			remoteInfo = LVC_demo;
		};
/* End PBXContainerItemProxy section */

/* Begin PBXFileReference section */
		12BF2F1747D2F9983D8080B5 /* Pods-LVC_demo.release.xcconfig */ = {isa = PBXFileReference; includeInIndex = 1; lastKnownFileType = text.xcconfig; name = "Pods-LVC_demo.release.xcconfig"; path = "Pods/Target Support Files/Pods-LVC_demo/Pods-LVC_demo.release.xcconfig"; sourceTree = "<group>"; };
		2874A9BD105BCACB187C6E1E /* libPods-LVC_demo.a */ = {isa = PBXFileReference; explicitFileType = archive.ar; includeInIndex = 0; path = "libPods-LVC_demo.a"; sourceTree = BUILT_PRODUCTS_DIR; };
		4C671CE0E9E721CC87B84211 /* Pods-LVC_demo.debug.xcconfig */ = {isa = PBXFileReference; includeInIndex = 1; lastKnownFileType = text.xcconfig; name = "Pods-LVC_demo.debug.xcconfig"; path = "Pods/Target Support Files/Pods-LVC_demo/Pods-LVC_demo.debug.xcconfig"; sourceTree = "<group>"; };
		B71FC5081B06A28C005B1460 /* LicenseViewController.h */ = {isa = PBXFileReference; fileEncoding = 4; lastKnownFileType = sourcecode.c.h; path = LicenseViewController.h; sourceTree = "<group>"; };
		B71FC5091B06A28C005B1460 /* LicenseViewController.m */ = {isa = PBXFileReference; fileEncoding = 4; lastKnownFileType = sourcecode.c.objc; path = LicenseViewController.m; sourceTree = "<group>"; };
		B71FC50A1B06A28C005B1460 /* UIViewController+UIViewController_ShowLicense.h */ = {isa = PBXFileReference; fileEncoding = 4; lastKnownFileType = sourcecode.c.h; path = "UIViewController+UIViewController_ShowLicense.h"; sourceTree = "<group>"; };
		B71FC50B1B06A28C005B1460 /* UIViewController+UIViewController_ShowLicense.m */ = {isa = PBXFileReference; fileEncoding = 4; lastKnownFileType = sourcecode.c.objc; path = "UIViewController+UIViewController_ShowLicense.m"; sourceTree = "<group>"; };
		B72ED8231B065F38008A4D3B /* LVC_demo.app */ = {isa = PBXFileReference; explicitFileType = wrapper.application; includeInIndex = 0; path = LVC_demo.app; sourceTree = BUILT_PRODUCTS_DIR; };
		B72ED8271B065F38008A4D3B /* Info.plist */ = {isa = PBXFileReference; lastKnownFileType = text.plist.xml; path = Info.plist; sourceTree = "<group>"; };
		B72ED8281B065F38008A4D3B /* main.m */ = {isa = PBXFileReference; lastKnownFileType = sourcecode.c.objc; path = main.m; sourceTree = "<group>"; };
		B72ED82A1B065F38008A4D3B /* AppDelegate.h */ = {isa = PBXFileReference; lastKnownFileType = sourcecode.c.h; path = AppDelegate.h; sourceTree = "<group>"; };
		B72ED82B1B065F38008A4D3B /* AppDelegate.m */ = {isa = PBXFileReference; lastKnownFileType = sourcecode.c.objc; path = AppDelegate.m; sourceTree = "<group>"; };
		B72ED82D1B065F38008A4D3B /* ViewController.h */ = {isa = PBXFileReference; lastKnownFileType = sourcecode.c.h; path = ViewController.h; sourceTree = "<group>"; };
		B72ED82E1B065F38008A4D3B /* ViewController.m */ = {isa = PBXFileReference; lastKnownFileType = sourcecode.c.objc; path = ViewController.m; sourceTree = "<group>"; };
		B72ED8311B065F38008A4D3B /* Base */ = {isa = PBXFileReference; lastKnownFileType = file.storyboard; name = Base; path = Base.lproj/Main.storyboard; sourceTree = "<group>"; };
		B72ED8331B065F38008A4D3B /* Images.xcassets */ = {isa = PBXFileReference; lastKnownFileType = folder.assetcatalog; path = Images.xcassets; sourceTree = "<group>"; };
		B72ED8361B065F38008A4D3B /* Base */ = {isa = PBXFileReference; lastKnownFileType = file.xib; name = Base; path = Base.lproj/LaunchScreen.xib; sourceTree = "<group>"; };
		B72ED83C1B065F38008A4D3B /* LVC_demoTests.xctest */ = {isa = PBXFileReference; explicitFileType = wrapper.cfbundle; includeInIndex = 0; path = LVC_demoTests.xctest; sourceTree = BUILT_PRODUCTS_DIR; };
		B72ED8411B065F38008A4D3B /* Info.plist */ = {isa = PBXFileReference; lastKnownFileType = text.plist.xml; path = Info.plist; sourceTree = "<group>"; };
		B72ED8421B065F38008A4D3B /* LVC_demoTests.m */ = {isa = PBXFileReference; lastKnownFileType = sourcecode.c.objc; path = LVC_demoTests.m; sourceTree = "<group>"; };
		B72ED84F1B067464008A4D3B /* Localizable.strings */ = {isa = PBXFileReference; fileEncoding = 4; lastKnownFileType = text.plist.strings; path = Localizable.strings; sourceTree = "<group>"; };
		B73B918A1B069827005017BD /* license.md */ = {isa = PBXFileReference; fileEncoding = 4; lastKnownFileType = net.daringfireball.markdown; path = license.md; sourceTree = "<group>"; };
/* End PBXFileReference section */

/* Begin PBXFrameworksBuildPhase section */
		B72ED8201B065F38008A4D3B /* Frameworks */ = {
			isa = PBXFrameworksBuildPhase;
			buildActionMask = 2147483647;
			files = (
				0B76746A1F797EEC2B82BD9F /* libPods-LVC_demo.a in Frameworks */,
			);
			runOnlyForDeploymentPostprocessing = 0;
		};
		B72ED8391B065F38008A4D3B /* Frameworks */ = {
			isa = PBXFrameworksBuildPhase;
			buildActionMask = 2147483647;
			files = (
			);
			runOnlyForDeploymentPostprocessing = 0;
		};
/* End PBXFrameworksBuildPhase section */

/* Begin PBXGroup section */
		B72ED81A1B065F38008A4D3B = {
			isa = PBXGroup;
			children = (
				B72ED8251B065F38008A4D3B /* LVC_demo */,
				B72ED83F1B065F38008A4D3B /* LVC_demoTests */,
				B72ED8241B065F38008A4D3B /* Products */,
				CEE5A395417B5A16EEAA65F3 /* Pods */,
				DA9E575AA26B09DCA007FE4F /* Frameworks */,
			);
			sourceTree = "<group>";
		};
		B72ED8241B065F38008A4D3B /* Products */ = {
			isa = PBXGroup;
			children = (
				B72ED8231B065F38008A4D3B /* LVC_demo.app */,
				B72ED83C1B065F38008A4D3B /* LVC_demoTests.xctest */,
			);
			name = Products;
			sourceTree = "<group>";
		};
		B72ED8251B065F38008A4D3B /* LVC_demo */ = {
			isa = PBXGroup;
			children = (
				B71FC5081B06A28C005B1460 /* LicenseViewController.h */,
				B71FC5091B06A28C005B1460 /* LicenseViewController.m */,
				B71FC50A1B06A28C005B1460 /* UIViewController+UIViewController_ShowLicense.h */,
				B71FC50B1B06A28C005B1460 /* UIViewController+UIViewController_ShowLicense.m */,
				B73B918A1B069827005017BD /* license.md */,
				B72ED82A1B065F38008A4D3B /* AppDelegate.h */,
				B72ED82B1B065F38008A4D3B /* AppDelegate.m */,
				B72ED82D1B065F38008A4D3B /* ViewController.h */,
				B72ED82E1B065F38008A4D3B /* ViewController.m */,
				B72ED8301B065F38008A4D3B /* Main.storyboard */,
				B72ED8331B065F38008A4D3B /* Images.xcassets */,
				B72ED8351B065F38008A4D3B /* LaunchScreen.xib */,
				B72ED84F1B067464008A4D3B /* Localizable.strings */,
				B72ED8261B065F38008A4D3B /* Supporting Files */,
			);
			path = LVC_demo;
			sourceTree = "<group>";
		};
		B72ED8261B065F38008A4D3B /* Supporting Files */ = {
			isa = PBXGroup;
			children = (
				B72ED8271B065F38008A4D3B /* Info.plist */,
				B72ED8281B065F38008A4D3B /* main.m */,
			);
			name = "Supporting Files";
			sourceTree = "<group>";
		};
		B72ED83F1B065F38008A4D3B /* LVC_demoTests */ = {
			isa = PBXGroup;
			children = (
				B72ED8421B065F38008A4D3B /* LVC_demoTests.m */,
				B72ED8401B065F38008A4D3B /* Supporting Files */,
			);
			path = LVC_demoTests;
			sourceTree = "<group>";
		};
		B72ED8401B065F38008A4D3B /* Supporting Files */ = {
			isa = PBXGroup;
			children = (
				B72ED8411B065F38008A4D3B /* Info.plist */,
			);
			name = "Supporting Files";
			sourceTree = "<group>";
		};
		CEE5A395417B5A16EEAA65F3 /* Pods */ = {
			isa = PBXGroup;
			children = (
				4C671CE0E9E721CC87B84211 /* Pods-LVC_demo.debug.xcconfig */,
				12BF2F1747D2F9983D8080B5 /* Pods-LVC_demo.release.xcconfig */,
			);
			name = Pods;
			sourceTree = "<group>";
		};
		DA9E575AA26B09DCA007FE4F /* Frameworks */ = {
			isa = PBXGroup;
			children = (
				2874A9BD105BCACB187C6E1E /* libPods-LVC_demo.a */,
			);
			name = Frameworks;
			sourceTree = "<group>";
		};
/* End PBXGroup section */

/* Begin PBXNativeTarget section */
		B72ED8221B065F38008A4D3B /* LVC_demo */ = {
			isa = PBXNativeTarget;
			buildConfigurationList = B72ED8461B065F38008A4D3B /* Build configuration list for PBXNativeTarget "LVC_demo" */;
			buildPhases = (
				5143009648D9DFEA170C3218 /* Check Pods Manifest.lock */,
				B72ED81F1B065F38008A4D3B /* Sources */,
				B72ED8201B065F38008A4D3B /* Frameworks */,
				B72ED8211B065F38008A4D3B /* Resources */,
				7A988873EBD51517EA4B2C50 /* Copy Pods Resources */,
			);
			buildRules = (
			);
			dependencies = (
			);
			name = LVC_demo;
			productName = LVC_demo;
			productReference = B72ED8231B065F38008A4D3B /* LVC_demo.app */;
			productType = "com.apple.product-type.application";
		};
		B72ED83B1B065F38008A4D3B /* LVC_demoTests */ = {
			isa = PBXNativeTarget;
			buildConfigurationList = B72ED8491B065F38008A4D3B /* Build configuration list for PBXNativeTarget "LVC_demoTests" */;
			buildPhases = (
				B72ED8381B065F38008A4D3B /* Sources */,
				B72ED8391B065F38008A4D3B /* Frameworks */,
				B72ED83A1B065F38008A4D3B /* Resources */,
			);
			buildRules = (
			);
			dependencies = (
				B72ED83E1B065F38008A4D3B /* PBXTargetDependency */,
			);
			name = LVC_demoTests;
			productName = LVC_demoTests;
			productReference = B72ED83C1B065F38008A4D3B /* LVC_demoTests.xctest */;
			productType = "com.apple.product-type.bundle.unit-test";
		};
/* End PBXNativeTarget section */

/* Begin PBXProject section */
		B72ED81B1B065F38008A4D3B /* Project object */ = {
			isa = PBXProject;
			attributes = {
				LastUpgradeCheck = 0630;
				ORGANIZATIONNAME = "Pavel Lint";
				TargetAttributes = {
					B72ED8221B065F38008A4D3B = {
						CreatedOnToolsVersion = 6.3.1;
					};
					B72ED83B1B065F38008A4D3B = {
						CreatedOnToolsVersion = 6.3.1;
						TestTargetID = B72ED8221B065F38008A4D3B;
					};
				};
			};
			buildConfigurationList = B72ED81E1B065F38008A4D3B /* Build configuration list for PBXProject "LVC_demo" */;
			compatibilityVersion = "Xcode 3.2";
			developmentRegion = English;
			hasScannedForEncodings = 0;
			knownRegions = (
				en,
				Base,
			);
			mainGroup = B72ED81A1B065F38008A4D3B;
			productRefGroup = B72ED8241B065F38008A4D3B /* Products */;
			projectDirPath = "";
			projectRoot = "";
			targets = (
				B72ED8221B065F38008A4D3B /* LVC_demo */,
				B72ED83B1B065F38008A4D3B /* LVC_demoTests */,
			);
		};
/* End PBXProject section */

/* Begin PBXResourcesBuildPhase section */
		B72ED8211B065F38008A4D3B /* Resources */ = {
			isa = PBXResourcesBuildPhase;
			buildActionMask = 2147483647;
			files = (
				B73B918C1B06985F005017BD /* license.md in Resources */,
				B72ED8501B067464008A4D3B /* Localizable.strings in Resources */,
				B72ED8341B065F38008A4D3B /* Images.xcassets in Resources */,
			);
			runOnlyForDeploymentPostprocessing = 0;
		};
		B72ED83A1B065F38008A4D3B /* Resources */ = {
			isa = PBXResourcesBuildPhase;
			buildActionMask = 2147483647;
			files = (
			);
			runOnlyForDeploymentPostprocessing = 0;
		};
/* End PBXResourcesBuildPhase section */

/* Begin PBXShellScriptBuildPhase section */
		5143009648D9DFEA170C3218 /* Check Pods Manifest.lock */ = {
			isa = PBXShellScriptBuildPhase;
			buildActionMask = 2147483647;
			files = (
			);
			inputPaths = (
			);
			name = "Check Pods Manifest.lock";
			outputPaths = (
			);
			runOnlyForDeploymentPostprocessing = 0;
			shellPath = /bin/sh;
			shellScript = "diff \"${PODS_ROOT}/../Podfile.lock\" \"${PODS_ROOT}/Manifest.lock\" > /dev/null\nif [[ $? != 0 ]] ; then\n    cat << EOM\nerror: The sandbox is not in sync with the Podfile.lock. Run 'pod install' or update your CocoaPods installation.\nEOM\n    exit 1\nfi\n";
			showEnvVarsInLog = 0;
		};
		7A988873EBD51517EA4B2C50 /* Copy Pods Resources */ = {
			isa = PBXShellScriptBuildPhase;
			buildActionMask = 2147483647;
			files = (
			);
			inputPaths = (
			);
			name = "Copy Pods Resources";
			outputPaths = (
			);
			runOnlyForDeploymentPostprocessing = 0;
			shellPath = /bin/sh;
			shellScript = "\"${SRCROOT}/Pods/Target Support Files/Pods-LVC_demo/Pods-LVC_demo-resources.sh\"\n";
			showEnvVarsInLog = 0;
		};
/* End PBXShellScriptBuildPhase section */

/* Begin PBXSourcesBuildPhase section */
		B72ED81F1B065F38008A4D3B /* Sources */ = {
			isa = PBXSourcesBuildPhase;
			buildActionMask = 2147483647;
			files = (
				B73B918B1B069827005017BD /* license.md in Sources */,
				B71FC50C1B06A28C005B1460 /* LicenseViewController.m in Sources */,
				B72ED82F1B065F38008A4D3B /* ViewController.m in Sources */,
				B72ED82C1B065F38008A4D3B /* AppDelegate.m in Sources */,
				B71FC50D1B06A28C005B1460 /* UIViewController+UIViewController_ShowLicense.m in Sources */,
				B72ED8291B065F38008A4D3B /* main.m in Sources */,
			);
			runOnlyForDeploymentPostprocessing = 0;
		};
		B72ED8381B065F38008A4D3B /* Sources */ = {
			isa = PBXSourcesBuildPhase;
			buildActionMask = 2147483647;
			files = (
				B72ED8431B065F38008A4D3B /* LVC_demoTests.m in Sources */,
			);
			runOnlyForDeploymentPostprocessing = 0;
		};
/* End PBXSourcesBuildPhase section */

/* Begin PBXTargetDependency section */
		B72ED83E1B065F38008A4D3B /* PBXTargetDependency */ = {
			isa = PBXTargetDependency;
			target = B72ED8221B065F38008A4D3B /* LVC_demo */;
			targetProxy = B72ED83D1B065F38008A4D3B /* PBXContainerItemProxy */;
		};
/* End PBXTargetDependency section */

/* Begin PBXVariantGroup section */
		B72ED8301B065F38008A4D3B /* Main.storyboard */ = {
			isa = PBXVariantGroup;
			children = (
				B72ED8311B065F38008A4D3B /* Base */,
			);
			name = Main.storyboard;
			sourceTree = "<group>";
		};
		B72ED8351B065F38008A4D3B /* LaunchScreen.xib */ = {
			isa = PBXVariantGroup;
			children = (
				B72ED8361B065F38008A4D3B /* Base */,
			);
			name = LaunchScreen.xib;
			sourceTree = "<group>";
		};
/* End PBXVariantGroup section */

/* Begin XCBuildConfiguration section */
		B72ED8441B065F38008A4D3B /* Debug */ = {
			isa = XCBuildConfiguration;
			buildSettings = {
				ALWAYS_SEARCH_USER_PATHS = NO;
				CLANG_CXX_LANGUAGE_STANDARD = "gnu++0x";
				CLANG_CXX_LIBRARY = "libc++";
				CLANG_ENABLE_MODULES = YES;
				CLANG_ENABLE_OBJC_ARC = YES;
				CLANG_WARN_BOOL_CONVERSION = YES;
				CLANG_WARN_CONSTANT_CONVERSION = YES;
				CLANG_WARN_DIRECT_OBJC_ISA_USAGE = YES_ERROR;
				CLANG_WARN_EMPTY_BODY = YES;
				CLANG_WARN_ENUM_CONVERSION = YES;
				CLANG_WARN_INT_CONVERSION = YES;
				CLANG_WARN_OBJC_ROOT_CLASS = YES_ERROR;
				CLANG_WARN_UNREACHABLE_CODE = YES;
				CLANG_WARN__DUPLICATE_METHOD_MATCH = YES;
				"CODE_SIGN_IDENTITY[sdk=iphoneos*]" = "iPhone Developer";
				COPY_PHASE_STRIP = NO;
				DEBUG_INFORMATION_FORMAT = "dwarf-with-dsym";
				ENABLE_STRICT_OBJC_MSGSEND = YES;
				GCC_C_LANGUAGE_STANDARD = gnu99;
				GCC_DYNAMIC_NO_PIC = NO;
				GCC_NO_COMMON_BLOCKS = YES;
				GCC_OPTIMIZATION_LEVEL = 0;
				GCC_PREPROCESSOR_DEFINITIONS = (
					"DEBUG=1",
					"$(inherited)",
				);
				GCC_SYMBOLS_PRIVATE_EXTERN = NO;
				GCC_WARN_64_TO_32_BIT_CONVERSION = YES;
				GCC_WARN_ABOUT_RETURN_TYPE = YES_ERROR;
				GCC_WARN_UNDECLARED_SELECTOR = YES;
				GCC_WARN_UNINITIALIZED_AUTOS = YES_AGGRESSIVE;
				GCC_WARN_UNUSED_FUNCTION = YES;
				GCC_WARN_UNUSED_VARIABLE = YES;
				IPHONEOS_DEPLOYMENT_TARGET = 8.3;
				MTL_ENABLE_DEBUG_INFO = YES;
				ONLY_ACTIVE_ARCH = YES;
				SDKROOT = iphoneos;
				TARGETED_DEVICE_FAMILY = "1,2";
			};
			name = Debug;
		};
		B72ED8451B065F38008A4D3B /* Release */ = {
			isa = XCBuildConfiguration;
			buildSettings = {
				ALWAYS_SEARCH_USER_PATHS = NO;
				CLANG_CXX_LANGUAGE_STANDARD = "gnu++0x";
				CLANG_CXX_LIBRARY = "libc++";
				CLANG_ENABLE_MODULES = YES;
				CLANG_ENABLE_OBJC_ARC = YES;
				CLANG_WARN_BOOL_CONVERSION = YES;
				CLANG_WARN_CONSTANT_CONVERSION = YES;
				CLANG_WARN_DIRECT_OBJC_ISA_USAGE = YES_ERROR;
				CLANG_WARN_EMPTY_BODY = YES;
				CLANG_WARN_ENUM_CONVERSION = YES;
				CLANG_WARN_INT_CONVERSION = YES;
				CLANG_WARN_OBJC_ROOT_CLASS = YES_ERROR;
				CLANG_WARN_UNREACHABLE_CODE = YES;
				CLANG_WARN__DUPLICATE_METHOD_MATCH = YES;
				"CODE_SIGN_IDENTITY[sdk=iphoneos*]" = "iPhone Developer";
				COPY_PHASE_STRIP = NO;
				DEBUG_INFORMATION_FORMAT = "dwarf-with-dsym";
				ENABLE_NS_ASSERTIONS = NO;
				ENABLE_STRICT_OBJC_MSGSEND = YES;
				GCC_C_LANGUAGE_STANDARD = gnu99;
				GCC_NO_COMMON_BLOCKS = YES;
				GCC_WARN_64_TO_32_BIT_CONVERSION = YES;
				GCC_WARN_ABOUT_RETURN_TYPE = YES_ERROR;
				GCC_WARN_UNDECLARED_SELECTOR = YES;
				GCC_WARN_UNINITIALIZED_AUTOS = YES_AGGRESSIVE;
				GCC_WARN_UNUSED_FUNCTION = YES;
				GCC_WARN_UNUSED_VARIABLE = YES;
				IPHONEOS_DEPLOYMENT_TARGET = 8.3;
				MTL_ENABLE_DEBUG_INFO = NO;
				SDKROOT = iphoneos;
				TARGETED_DEVICE_FAMILY = "1,2";
				VALIDATE_PRODUCT = YES;
			};
			name = Release;
		};
		B72ED8471B065F38008A4D3B /* Debug */ = {
			isa = XCBuildConfiguration;
			baseConfigurationReference = 4C671CE0E9E721CC87B84211 /* Pods-LVC_demo.debug.xcconfig */;
			buildSettings = {
				ASSETCATALOG_COMPILER_APPICON_NAME = AppIcon;
				INFOPLIST_FILE = LVC_demo/Info.plist;
				LD_RUNPATH_SEARCH_PATHS = "$(inherited) @executable_path/Frameworks";
				PRODUCT_NAME = "$(TARGET_NAME)";
			};
			name = Debug;
		};
		B72ED8481B065F38008A4D3B /* Release */ = {
			isa = XCBuildConfiguration;
			baseConfigurationReference = 12BF2F1747D2F9983D8080B5 /* Pods-LVC_demo.release.xcconfig */;
			buildSettings = {
				ASSETCATALOG_COMPILER_APPICON_NAME = AppIcon;
				INFOPLIST_FILE = LVC_demo/Info.plist;
				LD_RUNPATH_SEARCH_PATHS = "$(inherited) @executable_path/Frameworks";
				PRODUCT_NAME = "$(TARGET_NAME)";
			};
			name = Release;
		};
		B72ED84A1B065F38008A4D3B /* Debug */ = {
			isa = XCBuildConfiguration;
			buildSettings = {
				BUNDLE_LOADER = "$(TEST_HOST)";
				FRAMEWORK_SEARCH_PATHS = (
					"$(SDKROOT)/Developer/Library/Frameworks",
					"$(inherited)",
				);
				GCC_PREPROCESSOR_DEFINITIONS = (
					"DEBUG=1",
					"$(inherited)",
				);
				INFOPLIST_FILE = LVC_demoTests/Info.plist;
				LD_RUNPATH_SEARCH_PATHS = "$(inherited) @executable_path/Frameworks @loader_path/Frameworks";
				PRODUCT_NAME = "$(TARGET_NAME)";
				TEST_HOST = "$(BUILT_PRODUCTS_DIR)/LVC_demo.app/LVC_demo";
			};
			name = Debug;
		};
		B72ED84B1B065F38008A4D3B /* Release */ = {
			isa = XCBuildConfiguration;
			buildSettings = {
				BUNDLE_LOADER = "$(TEST_HOST)";
				FRAMEWORK_SEARCH_PATHS = (
					"$(SDKROOT)/Developer/Library/Frameworks",
					"$(inherited)",
				);
				INFOPLIST_FILE = LVC_demoTests/Info.plist;
				LD_RUNPATH_SEARCH_PATHS = "$(inherited) @executable_path/Frameworks @loader_path/Frameworks";
				PRODUCT_NAME = "$(TARGET_NAME)";
				TEST_HOST = "$(BUILT_PRODUCTS_DIR)/LVC_demo.app/LVC_demo";
			};
			name = Release;
		};
/* End XCBuildConfiguration section */

/* Begin XCConfigurationList section */
		B72ED81E1B065F38008A4D3B /* Build configuration list for PBXProject "LVC_demo" */ = {
			isa = XCConfigurationList;
			buildConfigurations = (
				B72ED8441B065F38008A4D3B /* Debug */,
				B72ED8451B065F38008A4D3B /* Release */,
			);
			defaultConfigurationIsVisible = 0;
			defaultConfigurationName = Release;
		};
		B72ED8461B065F38008A4D3B /* Build configuration list for PBXNativeTarget "LVC_demo" */ = {
			isa = XCConfigurationList;
			buildConfigurations = (
				B72ED8471B065F38008A4D3B /* Debug */,
				B72ED8481B065F38008A4D3B /* Release */,
			);
			defaultConfigurationIsVisible = 0;
			defaultConfigurationName = Release;
		};
		B72ED8491B065F38008A4D3B /* Build configuration list for PBXNativeTarget "LVC_demoTests" */ = {
			isa = XCConfigurationList;
			buildConfigurations = (
				B72ED84A1B065F38008A4D3B /* Debug */,
				B72ED84B1B065F38008A4D3B /* Release */,
			);
			defaultConfigurationIsVisible = 0;
			defaultConfigurationName = Release;
		};
/* End XCConfigurationList section */
	};
	rootObject = B72ED81B1B065F38008A4D3B /* Project object */;
}
